
Microsoft Visual Studio Solution File, Format Version 12.00
# Visual Studio 15
VisualStudioVersion = 15.0.27703.2047
MinimumVisualStudioVersion = 10.0.40219.1
Project("{FAE04EC0-301F-11D3-BF4B-00C04F79EFBC}") = "ppk5_v2", "ppk5_v2\ppk5_v2.csproj", "{7ADE4DA5-19E9-46B0-A725-40948FAAF567}"
EndProject
Project("{FAE04EC0-301F-11D3-BF4B-00C04F79EFBC}") = "WinFormForPPKParser", "WinFormForPPKParser\WinFormForPPKParser.csproj", "{7EADD52D-0DC7-43C2-8278-861808945077}"
EndProject
Global
	GlobalSection(SolutionConfigurationPlatforms) = preSolution
		Debug|Any CPU = Debug|Any CPU
		Release|Any CPU = Release|Any CPU
	EndGlobalSection
	GlobalSection(ProjectConfigurationPlatforms) = postSolution
		{7ADE4DA5-19E9-46B0-A725-40948FAAF567}.Debug|Any CPU.ActiveCfg = Debug|Any CPU
		{7ADE4DA5-19E9-46B0-A725-40948FAAF567}.Debug|Any CPU.Build.0 = Debug|Any CPU
		{7ADE4DA5-19E9-46B0-A725-40948FAAF567}.Release|Any CPU.ActiveCfg = Release|Any CPU
		{7ADE4DA5-19E9-46B0-A725-40948FAAF567}.Release|Any CPU.Build.0 = Release|Any CPU
		{7EADD52D-0DC7-43C2-8278-861808945077}.Debug|Any CPU.ActiveCfg = Debug|Any CPU
		{7EADD52D-0DC7-43C2-8278-861808945077}.Debug|Any CPU.Build.0 = Debug|Any CPU
		{7EADD52D-0DC7-43C2-8278-861808945077}.Release|Any CPU.ActiveCfg = Release|Any CPU
		{7EADD52D-0DC7-43C2-8278-861808945077}.Release|Any CPU.Build.0 = Release|Any CPU
	EndGlobalSection
	GlobalSection(SolutionProperties) = preSolution
		HideSolutionNode = FALSE
	EndGlobalSection
	GlobalSection(ExtensibilityGlobals) = postSolution
		SolutionGuid = {2252289C-D195-4B8F-BCEF-AEFD17974E52}
	EndGlobalSection
EndGlobal
